
Microsoft Visual Studio Solution File, Format Version 12.00
# Visual Studio 15
VisualStudioVersion = 15.0.28307.489
MinimumVisualStudioVersion = 10.0.40219.1
Project("{FAE04EC0-301F-11D3-BF4B-00C04F79EFBC}") = "ElevatorVS", "ElevatorVS\ElevatorVS.csproj", "{52D517F8-6A3C-4EEA-996C-FBB0A82CB17E}"
EndProject
Global
	GlobalSection(SolutionConfigurationPlatforms) = preSolution
		Debug|Any CPU = Debug|Any CPU
		Release|Any CPU = Release|Any CPU
	EndGlobalSection
	GlobalSection(ProjectConfigurationPlatforms) = postSolution
		{52D517F8-6A3C-4EEA-996C-FBB0A82CB17E}.Debug|Any CPU.ActiveCfg = Debug|Any CPU
		{52D517F8-6A3C-4EEA-996C-FBB0A82CB17E}.Debug|Any CPU.Build.0 = Debug|Any CPU
		{52D517F8-6A3C-4EEA-996C-FBB0A82CB17E}.Release|Any CPU.ActiveCfg = Release|Any CPU
		{52D517F8-6A3C-4EEA-996C-FBB0A82CB17E}.Release|Any CPU.Build.0 = Release|Any CPU
	EndGlobalSection
	GlobalSection(SolutionProperties) = preSolution
		HideSolutionNode = FALSE
	EndGlobalSection
	GlobalSection(ExtensibilityGlobals) = postSolution
		SolutionGuid = {24F2E41B-1750-4721-A6A8-D568290AE515}
	EndGlobalSection
EndGlobal
